
Microsoft Visual Studio Solution File, Format Version 12.00
# Visual Studio Version 16
VisualStudioVersion = 16.0.28729.10
MinimumVisualStudioVersion = 10.0.40219.1
Project("{FAE04EC0-301F-11D3-BF4B-00C04F79EFBC}") = "Distancify.Migrations", "Distancify.Migrations\Distancify.Migrations.csproj", "{12FC074D-8599-437F-A53C-98E1C1B28A5E}"
EndProject
Project("{FAE04EC0-301F-11D3-BF4B-00C04F79EFBC}") = "Distancify.Migrations.Tests", "Distancify.Migrations.Tests\Distancify.Migrations.Tests.csproj", "{98C12776-8C3A-4255-A864-D8A3295DA6E3}"
EndProject
Project("{2150E333-8FDC-42A3-9474-1A3956D46DE8}") = "Solution Items", "Solution Items", "{57CB69A9-43EC-43A5-957C-1DF5AF3B40AA}"
	ProjectSection(SolutionItems) = preProject
		CONTRIBUTING.md = CONTRIBUTING.md
		Distancify.Migrations.png = Distancify.Migrations.png
		LICENSE = LICENSE
		README.md = README.md
	EndProjectSection
EndProject
Global
	GlobalSection(SolutionConfigurationPlatforms) = preSolution
		Debug|Any CPU = Debug|Any CPU
		Kristoffer|Any CPU = Kristoffer|Any CPU
		Release|Any CPU = Release|Any CPU
	EndGlobalSection
	GlobalSection(ProjectConfigurationPlatforms) = postSolution
		{12FC074D-8599-437F-A53C-98E1C1B28A5E}.Debug|Any CPU.ActiveCfg = Debug|Any CPU
		{12FC074D-8599-437F-A53C-98E1C1B28A5E}.Debug|Any CPU.Build.0 = Debug|Any CPU
		{12FC074D-8599-437F-A53C-98E1C1B28A5E}.Kristoffer|Any CPU.ActiveCfg = Debug|Any CPU
		{12FC074D-8599-437F-A53C-98E1C1B28A5E}.Kristoffer|Any CPU.Build.0 = Debug|Any CPU
		{12FC074D-8599-437F-A53C-98E1C1B28A5E}.Release|Any CPU.ActiveCfg = Release|Any CPU
		{12FC074D-8599-437F-A53C-98E1C1B28A5E}.Release|Any CPU.Build.0 = Release|Any CPU
		{98C12776-8C3A-4255-A864-D8A3295DA6E3}.Debug|Any CPU.ActiveCfg = Debug|Any CPU
		{98C12776-8C3A-4255-A864-D8A3295DA6E3}.Debug|Any CPU.Build.0 = Debug|Any CPU
		{98C12776-8C3A-4255-A864-D8A3295DA6E3}.Kristoffer|Any CPU.ActiveCfg = Debug|Any CPU
		{98C12776-8C3A-4255-A864-D8A3295DA6E3}.Kristoffer|Any CPU.Build.0 = Debug|Any CPU
		{98C12776-8C3A-4255-A864-D8A3295DA6E3}.Release|Any CPU.ActiveCfg = Release|Any CPU
		{98C12776-8C3A-4255-A864-D8A3295DA6E3}.Release|Any CPU.Build.0 = Release|Any CPU
	EndGlobalSection
	GlobalSection(SolutionProperties) = preSolution
		HideSolutionNode = FALSE
	EndGlobalSection
	GlobalSection(ExtensibilityGlobals) = postSolution
		SolutionGuid = {6A1AC072-83AE-4FD0-850C-ADF1A3C24E3F}
	EndGlobalSection
EndGlobal
